
Microsoft Visual Studio Solution File, Format Version 12.00
# Visual Studio 15
VisualStudioVersion = 15.0.28307.1022
MinimumVisualStudioVersion = 10.0.40219.1
Project("{FAE04EC0-301F-11D3-BF4B-00C04F79EFBC}") = "01_Struct", "01_Struct\01_Struct.csproj", "{FEA34BB3-79CA-496C-8EEB-1FB18A3A8E79}"
EndProject
Project("{FAE04EC0-301F-11D3-BF4B-00C04F79EFBC}") = "02_Struct", "02_Struct\02_Struct.csproj", "{AAB8AFBD-1939-49F6-A01E-72176F9BC919}"
EndProject
Project("{FAE04EC0-301F-11D3-BF4B-00C04F79EFBC}") = "01_Sealed", "01_Sealed\01_Sealed.csproj", "{665D9DD7-F243-4934-B160-6DEACB426E10}"
EndProject
Global
	GlobalSection(SolutionConfigurationPlatforms) = preSolution
		Debug|Any CPU = Debug|Any CPU
		Release|Any CPU = Release|Any CPU
	EndGlobalSection
	GlobalSection(ProjectConfigurationPlatforms) = postSolution
		{FEA34BB3-79CA-496C-8EEB-1FB18A3A8E79}.Debug|Any CPU.ActiveCfg = Debug|Any CPU
		{FEA34BB3-79CA-496C-8EEB-1FB18A3A8E79}.Debug|Any CPU.Build.0 = Debug|Any CPU
		{FEA34BB3-79CA-496C-8EEB-1FB18A3A8E79}.Release|Any CPU.ActiveCfg = Release|Any CPU
		{FEA34BB3-79CA-496C-8EEB-1FB18A3A8E79}.Release|Any CPU.Build.0 = Release|Any CPU
		{AAB8AFBD-1939-49F6-A01E-72176F9BC919}.Debug|Any CPU.ActiveCfg = Debug|Any CPU
		{AAB8AFBD-1939-49F6-A01E-72176F9BC919}.Debug|Any CPU.Build.0 = Debug|Any CPU
		{AAB8AFBD-1939-49F6-A01E-72176F9BC919}.Release|Any CPU.ActiveCfg = Release|Any CPU
		{AAB8AFBD-1939-49F6-A01E-72176F9BC919}.Release|Any CPU.Build.0 = Release|Any CPU
		{665D9DD7-F243-4934-B160-6DEACB426E10}.Debug|Any CPU.ActiveCfg = Debug|Any CPU
		{665D9DD7-F243-4934-B160-6DEACB426E10}.Debug|Any CPU.Build.0 = Debug|Any CPU
		{665D9DD7-F243-4934-B160-6DEACB426E10}.Release|Any CPU.ActiveCfg = Release|Any CPU
		{665D9DD7-F243-4934-B160-6DEACB426E10}.Release|Any CPU.Build.0 = Release|Any CPU
	EndGlobalSection
	GlobalSection(SolutionProperties) = preSolution
		HideSolutionNode = FALSE
	EndGlobalSection
	GlobalSection(ExtensibilityGlobals) = postSolution
		SolutionGuid = {90F36D1E-0354-40E5-A40D-B8E40F537F58}
	EndGlobalSection
EndGlobal
